
Microsoft Visual Studio Solution File, Format Version 12.00
# Visual Studio Version 17
VisualStudioVersion = 17.0.31903.59
MinimumVisualStudioVersion = 10.0.40219.1
Project("{2150E333-8FDC-42A3-9474-1A3956D46DE8}") = "src", "src", "{827E0CD3-B72D-47B6-A68D-7590B98EB39B}"
EndProject
Project("{FAE04EC0-301F-11D3-BF4B-00C04F79EFBC}") = "Adit.Probe", "src\Adit.Probe\Adit.Probe.csproj", "{9865973B-59D0-456F-AED6-046DFB9782E9}"
EndProject
Project("{2150E333-8FDC-42A3-9474-1A3956D46DE8}") = "tests", "tests", "{0AB3BF05-4346-4AA6-1389-037BE0695223}"
EndProject
Project("{FAE04EC0-301F-11D3-BF4B-00C04F79EFBC}") = "Adit.Probe.Tests", "tests\Adit.Probe.Tests\Adit.Probe.Tests.csproj", "{517E3DE3-7FF9-4F49-A4DD-24F5E2426400}"
EndProject
Project("{FAE04EC0-301F-11D3-BF4B-00C04F79EFBC}") = "Adit.Core", "src\Adit.Core\Adit.Core.csproj", "{8F0CE9CB-91BC-4E23-A85F-C51D873A3114}"
EndProject
Project("{FAE04EC0-301F-11D3-BF4B-00C04F79EFBC}") = "Adit.Daemon", "src\Adit.Daemon\Adit.Daemon.csproj", "{882B46A4-D8D4-486A-858E-36D4E538B20D}"
EndProject
Project("{FAE04EC0-301F-11D3-BF4B-00C04F79EFBC}") = "Adit.Core.Tests", "tests\Adit.Core.Tests\Adit.Core.Tests.csproj", "{38B515B0-6A38-41D9-8DEA-D0A709C5040C}"
EndProject
Project("{FAE04EC0-301F-11D3-BF4B-00C04F79EFBC}") = "Adit.Daemon.Tests", "tests\Adit.Daemon.Tests\Adit.Daemon.Tests.csproj", "{274FC3F6-7AE9-465E-95ED-204B052D1E5B}"
EndProject
Global
	GlobalSection(SolutionConfigurationPlatforms) = preSolution
		Debug|Any CPU = Debug|Any CPU
		Debug|x64 = Debug|x64
		Debug|x86 = Debug|x86
		Release|Any CPU = Release|Any CPU
		Release|x64 = Release|x64
		Release|x86 = Release|x86
	EndGlobalSection
	GlobalSection(ProjectConfigurationPlatforms) = postSolution
		{9865973B-59D0-456F-AED6-046DFB9782E9}.Debug|Any CPU.ActiveCfg = Debug|Any CPU
		{9865973B-59D0-456F-AED6-046DFB9782E9}.Debug|Any CPU.Build.0 = Debug|Any CPU
		{9865973B-59D0-456F-AED6-046DFB9782E9}.Debug|x64.ActiveCfg = Debug|Any CPU
		{9865973B-59D0-456F-AED6-046DFB9782E9}.Debug|x64.Build.0 = Debug|Any CPU
		{9865973B-59D0-456F-AED6-046DFB9782E9}.Debug|x86.ActiveCfg = Debug|Any CPU
		{9865973B-59D0-456F-AED6-046DFB9782E9}.Debug|x86.Build.0 = Debug|Any CPU
		{9865973B-59D0-456F-AED6-046DFB9782E9}.Release|Any CPU.ActiveCfg = Release|Any CPU
		{9865973B-59D0-456F-AED6-046DFB9782E9}.Release|Any CPU.Build.0 = Release|Any CPU
		{9865973B-59D0-456F-AED6-046DFB9782E9}.Release|x64.ActiveCfg = Release|Any CPU
		{9865973B-59D0-456F-AED6-046DFB9782E9}.Release|x64.Build.0 = Release|Any CPU
		{9865973B-59D0-456F-AED6-046DFB9782E9}.Release|x86.ActiveCfg = Release|Any CPU
		{9865973B-59D0-456F-AED6-046DFB9782E9}.Release|x86.Build.0 = Release|Any CPU
		{517E3DE3-7FF9-4F49-A4DD-24F5E2426400}.Debug|Any CPU.ActiveCfg = Debug|Any CPU
		{517E3DE3-7FF9-4F49-A4DD-24F5E2426400}.Debug|Any CPU.Build.0 = Debug|Any CPU
		{517E3DE3-7FF9-4F49-A4DD-24F5E2426400}.Debug|x64.ActiveCfg = Debug|Any CPU
		{517E3DE3-7FF9-4F49-A4DD-24F5E2426400}.Debug|x64.Build.0 = Debug|Any CPU
		{517E3DE3-7FF9-4F49-A4DD-24F5E2426400}.Debug|x86.ActiveCfg = Debug|Any CPU
		{517E3DE3-7FF9-4F49-A4DD-24F5E2426400}.Debug|x86.Build.0 = Debug|Any CPU
		{517E3DE3-7FF9-4F49-A4DD-24F5E2426400}.Release|Any CPU.ActiveCfg = Release|Any CPU
		{517E3DE3-7FF9-4F49-A4DD-24F5E2426400}.Release|Any CPU.Build.0 = Release|Any CPU
		{517E3DE3-7FF9-4F49-A4DD-24F5E2426400}.Release|x64.ActiveCfg = Release|Any CPU
		{517E3DE3-7FF9-4F49-A4DD-24F5E2426400}.Release|x64.Build.0 = Release|Any CPU
		{517E3DE3-7FF9-4F49-A4DD-24F5E2426400}.Release|x86.ActiveCfg = Release|Any CPU
		{517E3DE3-7FF9-4F49-A4DD-24F5E2426400}.Release|x86.Build.0 = Release|Any CPU
		{8F0CE9CB-91BC-4E23-A85F-C51D873A3114}.Debug|Any CPU.ActiveCfg = Debug|Any CPU
		{8F0CE9CB-91BC-4E23-A85F-C51D873A3114}.Debug|Any CPU.Build.0 = Debug|Any CPU
		{8F0CE9CB-91BC-4E23-A85F-C51D873A3114}.Debug|x64.ActiveCfg = Debug|Any CPU
		{8F0CE9CB-91BC-4E23-A85F-C51D873A3114}.Debug|x64.Build.0 = Debug|Any CPU
		{8F0CE9CB-91BC-4E23-A85F-C51D873A3114}.Debug|x86.ActiveCfg = Debug|Any CPU
		{8F0CE9CB-91BC-4E23-A85F-C51D873A3114}.Debug|x86.Build.0 = Debug|Any CPU
		{8F0CE9CB-91BC-4E23-A85F-C51D873A3114}.Release|Any CPU.ActiveCfg = Release|Any CPU
		{8F0CE9CB-91BC-4E23-A85F-C51D873A3114}.Release|Any CPU.Build.0 = Release|Any CPU
		{8F0CE9CB-91BC-4E23-A85F-C51D873A3114}.Release|x64.ActiveCfg = Release|Any CPU
		{8F0CE9CB-91BC-4E23-A85F-C51D873A3114}.Release|x64.Build.0 = Release|Any CPU
		{8F0CE9CB-91BC-4E23-A85F-C51D873A3114}.Release|x86.ActiveCfg = Release|Any CPU
		{8F0CE9CB-91BC-4E23-A85F-C51D873A3114}.Release|x86.Build.0 = Release|Any CPU
		{882B46A4-D8D4-486A-858E-36D4E538B20D}.Debug|Any CPU.ActiveCfg = Debug|Any CPU
		{882B46A4-D8D4-486A-858E-36D4E538B20D}.Debug|Any CPU.Build.0 = Debug|Any CPU
		{882B46A4-D8D4-486A-858E-36D4E538B20D}.Debug|x64.ActiveCfg = Debug|Any CPU
		{882B46A4-D8D4-486A-858E-36D4E538B20D}.Debug|x64.Build.0 = Debug|Any CPU
		{882B46A4-D8D4-486A-858E-36D4E538B20D}.Debug|x86.ActiveCfg = Debug|Any CPU
		{882B46A4-D8D4-486A-858E-36D4E538B20D}.Debug|x86.Build.0 = Debug|Any CPU
		{882B46A4-D8D4-486A-858E-36D4E538B20D}.Release|Any CPU.ActiveCfg = Release|Any CPU
		{882B46A4-D8D4-486A-858E-36D4E538B20D}.Release|Any CPU.Build.0 = Release|Any CPU
		{882B46A4-D8D4-486A-858E-36D4E538B20D}.Release|x64.ActiveCfg = Release|Any CPU
		{882B46A4-D8D4-486A-858E-36D4E538B20D}.Release|x64.Build.0 = Release|Any CPU
		{882B46A4-D8D4-486A-858E-36D4E538B20D}.Release|x86.ActiveCfg = Release|Any CPU
		{882B46A4-D8D4-486A-858E-36D4E538B20D}.Release|x86.Build.0 = Release|Any CPU
		{38B515B0-6A38-41D9-8DEA-D0A709C5040C}.Debug|Any CPU.ActiveCfg = Debug|Any CPU
		{38B515B0-6A38-41D9-8DEA-D0A709C5040C}.Debug|Any CPU.Build.0 = Debug|Any CPU
		{38B515B0-6A38-41D9-8DEA-D0A709C5040C}.Debug|x64.ActiveCfg = Debug|Any CPU
		{38B515B0-6A38-41D9-8DEA-D0A709C5040C}.Debug|x64.Build.0 = Debug|Any CPU
		{38B515B0-6A38-41D9-8DEA-D0A709C5040C}.Debug|x86.ActiveCfg = Debug|Any CPU
		{38B515B0-6A38-41D9-8DEA-D0A709C5040C}.Debug|x86.Build.0 = Debug|Any CPU
		{38B515B0-6A38-41D9-8DEA-D0A709C5040C}.Release|Any CPU.ActiveCfg = Release|Any CPU
		{38B515B0-6A38-41D9-8DEA-D0A709C5040C}.Release|Any CPU.Build.0 = Release|Any CPU
		{38B515B0-6A38-41D9-8DEA-D0A709C5040C}.Release|x64.ActiveCfg = Release|Any CPU
		{38B515B0-6A38-41D9-8DEA-D0A709C5040C}.Release|x64.Build.0 = Release|Any CPU
		{38B515B0-6A38-41D9-8DEA-D0A709C5040C}.Release|x86.ActiveCfg = Release|Any CPU
		{38B515B0-6A38-41D9-8DEA-D0A709C5040C}.Release|x86.Build.0 = Release|Any CPU
		{274FC3F6-7AE9-465E-95ED-204B052D1E5B}.Debug|Any CPU.ActiveCfg = Debug|Any CPU
		{274FC3F6-7AE9-465E-95ED-204B052D1E5B}.Debug|Any CPU.Build.0 = Debug|Any CPU
		{274FC3F6-7AE9-465E-95ED-204B052D1E5B}.Debug|x64.ActiveCfg = Debug|Any CPU
		{274FC3F6-7AE9-465E-95ED-204B052D1E5B}.Debug|x64.Build.0 = Debug|Any CPU
		{274FC3F6-7AE9-465E-95ED-204B052D1E5B}.Debug|x86.ActiveCfg = Debug|Any CPU
		{274FC3F6-7AE9-465E-95ED-204B052D1E5B}.Debug|x86.Build.0 = Debug|Any CPU
		{274FC3F6-7AE9-465E-95ED-204B052D1E5B}.Release|Any CPU.ActiveCfg = Release|Any CPU
		{274FC3F6-7AE9-465E-95ED-204B052D1E5B}.Release|Any CPU.Build.0 = Release|Any CPU
		{274FC3F6-7AE9-465E-95ED-204B052D1E5B}.Release|x64.ActiveCfg = Release|Any CPU
		{274FC3F6-7AE9-465E-95ED-204B052D1E5B}.Release|x64.Build.0 = Release|Any CPU
		{274FC3F6-7AE9-465E-95ED-204B052D1E5B}.Release|x86.ActiveCfg = Release|Any CPU
		{274FC3F6-7AE9-465E-95ED-204B052D1E5B}.Release|x86.Build.0 = Release|Any CPU
	EndGlobalSection
	GlobalSection(SolutionProperties) = preSolution
		HideSolutionNode = FALSE
	EndGlobalSection
	GlobalSection(NestedProjects) = preSolution
		{9865973B-59D0-456F-AED6-046DFB9782E9} = {827E0CD3-B72D-47B6-A68D-7590B98EB39B}
		{517E3DE3-7FF9-4F49-A4DD-24F5E2426400} = {0AB3BF05-4346-4AA6-1389-037BE0695223}
		{8F0CE9CB-91BC-4E23-A85F-C51D873A3114} = {827E0CD3-B72D-47B6-A68D-7590B98EB39B}
		{882B46A4-D8D4-486A-858E-36D4E538B20D} = {827E0CD3-B72D-47B6-A68D-7590B98EB39B}
		{38B515B0-6A38-41D9-8DEA-D0A709C5040C} = {0AB3BF05-4346-4AA6-1389-037BE0695223}
		{274FC3F6-7AE9-465E-95ED-204B052D1E5B} = {0AB3BF05-4346-4AA6-1389-037BE0695223}
	EndGlobalSection
EndGlobal
